
Microsoft Visual Studio Solution File, Format Version 12.00
# Visual Studio Version 16
VisualStudioVersion = 16.0.28803.202
MinimumVisualStudioVersion = 10.0.40219.1
Project("{FAE04EC0-301F-11D3-BF4B-00C04F79EFBC}") = "HotelMVC", "HotelMVC\HotelMVC.csproj", "{3113765F-599F-4E5C-80DB-581BB4C6EF32}"
EndProject
Global
	GlobalSection(SolutionConfigurationPlatforms) = preSolution
		Debug|Any CPU = Debug|Any CPU
		Release|Any CPU = Release|Any CPU
	EndGlobalSection
	GlobalSection(ProjectConfigurationPlatforms) = postSolution
		{3113765F-599F-4E5C-80DB-581BB4C6EF32}.Debug|Any CPU.ActiveCfg = Debug|Any CPU
		{3113765F-599F-4E5C-80DB-581BB4C6EF32}.Debug|Any CPU.Build.0 = Debug|Any CPU
		{3113765F-599F-4E5C-80DB-581BB4C6EF32}.Release|Any CPU.ActiveCfg = Release|Any CPU
		{3113765F-599F-4E5C-80DB-581BB4C6EF32}.Release|Any CPU.Build.0 = Release|Any CPU
	EndGlobalSection
	GlobalSection(SolutionProperties) = preSolution
		HideSolutionNode = FALSE
	EndGlobalSection
	GlobalSection(ExtensibilityGlobals) = postSolution
		EnterpriseLibraryConfigurationToolBinariesPath = packages\Unity.2.1.505.0\lib\NET35
		SolutionGuid = {2F98165B-21A9-408C-B1A2-80E0C20B5CC7}
	EndGlobalSection
EndGlobal
